// !$*UTF8*$!
{
	archiveVersion = 1;
	classes = {
	};
	objectVersion = 50;
	objects = {

/* Begin PBXBuildFile section */
		BC1660E025F30A0F00F5D507 /* EditorViewController.swift in Sources */ = {isa = PBXBuildFile; fileRef = BC1660DF25F30A0F00F5D507 /* EditorViewController.swift */; };
		BC1660E325F30AF100F5D507 /* EditorProvider.swift in Sources */ = {isa = PBXBuildFile; fileRef = BC1660E225F30AF100F5D507 /* EditorProvider.swift */; };
		BC1660E625F30AFC00F5D507 /* EditorPresenter.swift in Sources */ = {isa = PBXBuildFile; fileRef = BC1660E525F30AFC00F5D507 /* EditorPresenter.swift */; };
		BC49B18825F8963900095814 /* NoteTableViewCell.swift in Sources */ = {isa = PBXBuildFile; fileRef = BC49B18725F8963800095814 /* NoteTableViewCell.swift */; };
		BC49B18C25F8A83200095814 /* FoldersTableViewCell.swift in Sources */ = {isa = PBXBuildFile; fileRef = BC49B18B25F8A83200095814 /* FoldersTableViewCell.swift */; };
		BC49B19025F8AA7300095814 /* FolderCollectionViewCell.swift in Sources */ = {isa = PBXBuildFile; fileRef = BC49B18F25F8AA7300095814 /* FolderCollectionViewCell.swift */; };
		BC49B19425F8AEC000095814 /* NotesFolder.swift in Sources */ = {isa = PBXBuildFile; fileRef = BC49B19325F8AEC000095814 /* NotesFolder.swift */; };
		BC535F9925F2FAE8002B8AB8 /* AppDelegate.swift in Sources */ = {isa = PBXBuildFile; fileRef = BC535F9825F2FAE8002B8AB8 /* AppDelegate.swift */; };
		BC535F9B25F2FAE8002B8AB8 /* SceneDelegate.swift in Sources */ = {isa = PBXBuildFile; fileRef = BC535F9A25F2FAE8002B8AB8 /* SceneDelegate.swift */; };
		BC535F9D25F2FAE8002B8AB8 /* MainViewController.swift in Sources */ = {isa = PBXBuildFile; fileRef = BC535F9C25F2FAE8002B8AB8 /* MainViewController.swift */; };
		BC535FA025F2FAE8002B8AB8 /* Main.storyboard in Resources */ = {isa = PBXBuildFile; fileRef = BC535F9E25F2FAE8002B8AB8 /* Main.storyboard */; };
		BC535FA325F2FAE8002B8AB8 /* TMNotes.xcdatamodeld in Sources */ = {isa = PBXBuildFile; fileRef = BC535FA125F2FAE8002B8AB8 /* TMNotes.xcdatamodeld */; };
		BC535FA525F2FAE8002B8AB8 /* Assets.xcassets in Resources */ = {isa = PBXBuildFile; fileRef = BC535FA425F2FAE8002B8AB8 /* Assets.xcassets */; };
		BC535FA825F2FAE8002B8AB8 /* LaunchScreen.storyboard in Resources */ = {isa = PBXBuildFile; fileRef = BC535FA625F2FAE8002B8AB8 /* LaunchScreen.storyboard */; };
		BC535FB925F30277002B8AB8 /* MainTableView.swift in Sources */ = {isa = PBXBuildFile; fileRef = BC535FB825F30277002B8AB8 /* MainTableView.swift */; };
		BC535FBC25F302CC002B8AB8 /* NotesProvider.swift in Sources */ = {isa = PBXBuildFile; fileRef = BC535FBB25F302CC002B8AB8 /* NotesProvider.swift */; };
		BC535FBF25F30475002B8AB8 /* MainProvider.swift in Sources */ = {isa = PBXBuildFile; fileRef = BC535FBE25F30475002B8AB8 /* MainProvider.swift */; };
		BC535FC225F304B9002B8AB8 /* MainPresenter.swift in Sources */ = {isa = PBXBuildFile; fileRef = BC535FC125F304B9002B8AB8 /* MainPresenter.swift */; };
/* End PBXBuildFile section */

/* Begin PBXFileReference section */
		BC1660DF25F30A0F00F5D507 /* EditorViewController.swift */ = {isa = PBXFileReference; lastKnownFileType = sourcecode.swift; path = EditorViewController.swift; sourceTree = "<group>"; };
		BC1660E225F30AF100F5D507 /* EditorProvider.swift */ = {isa = PBXFileReference; lastKnownFileType = sourcecode.swift; path = EditorProvider.swift; sourceTree = "<group>"; };
		BC1660E525F30AFC00F5D507 /* EditorPresenter.swift */ = {isa = PBXFileReference; lastKnownFileType = sourcecode.swift; path = EditorPresenter.swift; sourceTree = "<group>"; };
		BC49B18725F8963800095814 /* NoteTableViewCell.swift */ = {isa = PBXFileReference; lastKnownFileType = sourcecode.swift; path = NoteTableViewCell.swift; sourceTree = "<group>"; };
		BC49B18B25F8A83200095814 /* FoldersTableViewCell.swift */ = {isa = PBXFileReference; lastKnownFileType = sourcecode.swift; path = FoldersTableViewCell.swift; sourceTree = "<group>"; };
		BC49B18F25F8AA7300095814 /* FolderCollectionViewCell.swift */ = {isa = PBXFileReference; lastKnownFileType = sourcecode.swift; path = FolderCollectionViewCell.swift; sourceTree = "<group>"; };
		BC49B19325F8AEC000095814 /* NotesFolder.swift */ = {isa = PBXFileReference; lastKnownFileType = sourcecode.swift; path = NotesFolder.swift; sourceTree = "<group>"; };
		BC535F9525F2FAE8002B8AB8 /* TMNotes.app */ = {isa = PBXFileReference; explicitFileType = wrapper.application; includeInIndex = 0; path = TMNotes.app; sourceTree = BUILT_PRODUCTS_DIR; };
		BC535F9825F2FAE8002B8AB8 /* AppDelegate.swift */ = {isa = PBXFileReference; lastKnownFileType = sourcecode.swift; path = AppDelegate.swift; sourceTree = "<group>"; };
		BC535F9A25F2FAE8002B8AB8 /* SceneDelegate.swift */ = {isa = PBXFileReference; lastKnownFileType = sourcecode.swift; path = SceneDelegate.swift; sourceTree = "<group>"; };
		BC535F9C25F2FAE8002B8AB8 /* MainViewController.swift */ = {isa = PBXFileReference; lastKnownFileType = sourcecode.swift; path = MainViewController.swift; sourceTree = "<group>"; };
		BC535F9F25F2FAE8002B8AB8 /* Base */ = {isa = PBXFileReference; lastKnownFileType = file.storyboard; name = Base; path = Base.lproj/Main.storyboard; sourceTree = "<group>"; };
		BC535FA225F2FAE8002B8AB8 /* TMNotes.xcdatamodel */ = {isa = PBXFileReference; lastKnownFileType = wrapper.xcdatamodel; path = TMNotes.xcdatamodel; sourceTree = "<group>"; };
		BC535FA425F2FAE8002B8AB8 /* Assets.xcassets */ = {isa = PBXFileReference; lastKnownFileType = folder.assetcatalog; path = Assets.xcassets; sourceTree = "<group>"; };
		BC535FA725F2FAE8002B8AB8 /* Base */ = {isa = PBXFileReference; lastKnownFileType = file.storyboard; name = Base; path = Base.lproj/LaunchScreen.storyboard; sourceTree = "<group>"; };
		BC535FA925F2FAE8002B8AB8 /* Info.plist */ = {isa = PBXFileReference; lastKnownFileType = text.plist.xml; path = Info.plist; sourceTree = "<group>"; };
		BC535FB825F30277002B8AB8 /* MainTableView.swift */ = {isa = PBXFileReference; lastKnownFileType = sourcecode.swift; path = MainTableView.swift; sourceTree = "<group>"; };
		BC535FBB25F302CC002B8AB8 /* NotesProvider.swift */ = {isa = PBXFileReference; lastKnownFileType = sourcecode.swift; path = NotesProvider.swift; sourceTree = "<group>"; };
		BC535FBE25F30475002B8AB8 /* MainProvider.swift */ = {isa = PBXFileReference; lastKnownFileType = sourcecode.swift; path = MainProvider.swift; sourceTree = "<group>"; };
		BC535FC125F304B9002B8AB8 /* MainPresenter.swift */ = {isa = PBXFileReference; lastKnownFileType = sourcecode.swift; path = MainPresenter.swift; sourceTree = "<group>"; };
/* End PBXFileReference section */

/* Begin PBXFrameworksBuildPhase section */
		BC535F9225F2FAE8002B8AB8 /* Frameworks */ = {
			isa = PBXFrameworksBuildPhase;
			buildActionMask = 2147483647;
			files = (
			);
			runOnlyForDeploymentPostprocessing = 0;
		};
/* End PBXFrameworksBuildPhase section */

/* Begin PBXGroup section */
		BC1660DE25F30A0000F5D507 /* Editor */ = {
			isa = PBXGroup;
			children = (
				BC1660DF25F30A0F00F5D507 /* EditorViewController.swift */,
				BC1660E225F30AF100F5D507 /* EditorProvider.swift */,
				BC1660E525F30AFC00F5D507 /* EditorPresenter.swift */,
			);
			path = Editor;
			sourceTree = "<group>";
		};
		BC49B18525F8961800095814 /* UITableViewCell */ = {
			isa = PBXGroup;
			children = (
				BC49B18725F8963800095814 /* NoteTableViewCell.swift */,
				BC49B18B25F8A83200095814 /* FoldersTableViewCell.swift */,
			);
			path = UITableViewCell;
			sourceTree = "<group>";
		};
		BC49B18E25F8AA4100095814 /* UICollectionViewCell */ = {
			isa = PBXGroup;
			children = (
				BC49B18F25F8AA7300095814 /* FolderCollectionViewCell.swift */,
			);
			path = UICollectionViewCell;
			sourceTree = "<group>";
		};
		BC535F8C25F2FAE8002B8AB8 = {
			isa = PBXGroup;
			children = (
				BC535F9725F2FAE8002B8AB8 /* TMNotes */,
				BC535F9625F2FAE8002B8AB8 /* Products */,
			);
			sourceTree = "<group>";
		};
		BC535F9625F2FAE8002B8AB8 /* Products */ = {
			isa = PBXGroup;
			children = (
				BC535F9525F2FAE8002B8AB8 /* TMNotes.app */,
			);
			name = Products;
			sourceTree = "<group>";
		};
		BC535F9725F2FAE8002B8AB8 /* TMNotes */ = {
			isa = PBXGroup;
			children = (
				BC535FB225F301C7002B8AB8 /* Model */,
				BC535FB325F301D1002B8AB8 /* View */,
				BC535FB425F301D5002B8AB8 /* Controller */,
			);
			path = TMNotes;
			sourceTree = "<group>";
		};
		BC535FB225F301C7002B8AB8 /* Model */ = {
			isa = PBXGroup;
			children = (
				BC49B18E25F8AA4100095814 /* UICollectionViewCell */,
				BC49B18525F8961800095814 /* UITableViewCell */,
				BC535F9825F2FAE8002B8AB8 /* AppDelegate.swift */,
				BC535F9A25F2FAE8002B8AB8 /* SceneDelegate.swift */,
				BC535FA425F2FAE8002B8AB8 /* Assets.xcassets */,
				BC535FA925F2FAE8002B8AB8 /* Info.plist */,
				BC535FA125F2FAE8002B8AB8 /* TMNotes.xcdatamodeld */,
				BC535FBB25F302CC002B8AB8 /* NotesProvider.swift */,
				BC49B19325F8AEC000095814 /* NotesFolder.swift */,
			);
			path = Model;
			sourceTree = "<group>";
		};
		BC535FB325F301D1002B8AB8 /* View */ = {
			isa = PBXGroup;
			children = (
				BC535FA625F2FAE8002B8AB8 /* LaunchScreen.storyboard */,
				BC535F9E25F2FAE8002B8AB8 /* Main.storyboard */,
			);
			path = View;
			sourceTree = "<group>";
		};
		BC535FB425F301D5002B8AB8 /* Controller */ = {
			isa = PBXGroup;
			children = (
				BC1660DE25F30A0000F5D507 /* Editor */,
				BC535FB625F3020F002B8AB8 /* Main */,
			);
			path = Controller;
			sourceTree = "<group>";
		};
		BC535FB625F3020F002B8AB8 /* Main */ = {
			isa = PBXGroup;
			children = (
				BC535F9C25F2FAE8002B8AB8 /* MainViewController.swift */,
				BC535FB825F30277002B8AB8 /* MainTableView.swift */,
				BC535FBE25F30475002B8AB8 /* MainProvider.swift */,
				BC535FC125F304B9002B8AB8 /* MainPresenter.swift */,
			);
			path = Main;
			sourceTree = "<group>";
		};
/* End PBXGroup section */

/* Begin PBXNativeTarget section */
		BC535F9425F2FAE8002B8AB8 /* TMNotes */ = {
			isa = PBXNativeTarget;
			buildConfigurationList = BC535FAC25F2FAE8002B8AB8 /* Build configuration list for PBXNativeTarget "TMNotes" */;
			buildPhases = (
				BC535F9125F2FAE8002B8AB8 /* Sources */,
				BC535F9225F2FAE8002B8AB8 /* Frameworks */,
				BC535F9325F2FAE8002B8AB8 /* Resources */,
				BC535FB025F300BC002B8AB8 /* ShellScript */,
			);
			buildRules = (
			);
			dependencies = (
			);
			name = TMNotes;
			productName = TMNotes;
			productReference = BC535F9525F2FAE8002B8AB8 /* TMNotes.app */;
			productType = "com.apple.product-type.application";
		};
/* End PBXNativeTarget section */

/* Begin PBXProject section */
		BC535F8D25F2FAE8002B8AB8 /* Project object */ = {
			isa = PBXProject;
			attributes = {
				LastSwiftUpdateCheck = 1240;
				LastUpgradeCheck = 1240;
				TargetAttributes = {
					BC535F9425F2FAE8002B8AB8 = {
						CreatedOnToolsVersion = 12.4;
					};
				};
			};
			buildConfigurationList = BC535F9025F2FAE8002B8AB8 /* Build configuration list for PBXProject "TMNotes" */;
			compatibilityVersion = "Xcode 9.3";
			developmentRegion = en;
			hasScannedForEncodings = 0;
			knownRegions = (
				en,
				Base,
			);
			mainGroup = BC535F8C25F2FAE8002B8AB8;
			productRefGroup = BC535F9625F2FAE8002B8AB8 /* Products */;
			projectDirPath = "";
			projectRoot = "";
			targets = (
				BC535F9425F2FAE8002B8AB8 /* TMNotes */,
			);
		};
/* End PBXProject section */

/* Begin PBXResourcesBuildPhase section */
		BC535F9325F2FAE8002B8AB8 /* Resources */ = {
			isa = PBXResourcesBuildPhase;
			buildActionMask = 2147483647;
			files = (
				BC535FA825F2FAE8002B8AB8 /* LaunchScreen.storyboard in Resources */,
				BC535FA525F2FAE8002B8AB8 /* Assets.xcassets in Resources */,
				BC535FA025F2FAE8002B8AB8 /* Main.storyboard in Resources */,
			);
			runOnlyForDeploymentPostprocessing = 0;
		};
/* End PBXResourcesBuildPhase section */

/* Begin PBXShellScriptBuildPhase section */
		BC535FB025F300BC002B8AB8 /* ShellScript */ = {
			isa = PBXShellScriptBuildPhase;
			buildActionMask = 2147483647;
			files = (
			);
			inputFileListPaths = (
			);
			inputPaths = (
			);
			outputFileListPaths = (
			);
			outputPaths = (
			);
			runOnlyForDeploymentPostprocessing = 0;
			shellPath = /bin/sh;
			shellScript = "if which swiftlint >/dev/null; then\n  swiftlint\nelse\n  echo \"warning: SwiftLint not installed, download from https://github.com/realm/SwiftLint\"\nfi\n";
		};
/* End PBXShellScriptBuildPhase section */

/* Begin PBXSourcesBuildPhase section */
		BC535F9125F2FAE8002B8AB8 /* Sources */ = {
			isa = PBXSourcesBuildPhase;
			buildActionMask = 2147483647;
			files = (
				BC1660E625F30AFC00F5D507 /* EditorPresenter.swift in Sources */,
				BC535FBC25F302CC002B8AB8 /* NotesProvider.swift in Sources */,
				BC1660E025F30A0F00F5D507 /* EditorViewController.swift in Sources */,
				BC535FBF25F30475002B8AB8 /* MainProvider.swift in Sources */,
				BC535F9D25F2FAE8002B8AB8 /* MainViewController.swift in Sources */,
				BC535FC225F304B9002B8AB8 /* MainPresenter.swift in Sources */,
				BC1660E325F30AF100F5D507 /* EditorProvider.swift in Sources */,
				BC535F9925F2FAE8002B8AB8 /* AppDelegate.swift in Sources */,
				BC535FB925F30277002B8AB8 /* MainTableView.swift in Sources */,
				BC49B19425F8AEC000095814 /* NotesFolder.swift in Sources */,
				BC49B18C25F8A83200095814 /* FoldersTableViewCell.swift in Sources */,
				BC49B19025F8AA7300095814 /* FolderCollectionViewCell.swift in Sources */,
				BC49B18825F8963900095814 /* NoteTableViewCell.swift in Sources */,
				BC535FA325F2FAE8002B8AB8 /* TMNotes.xcdatamodeld in Sources */,
				BC535F9B25F2FAE8002B8AB8 /* SceneDelegate.swift in Sources */,
			);
			runOnlyForDeploymentPostprocessing = 0;
		};
/* End PBXSourcesBuildPhase section */

/* Begin PBXVariantGroup section */
		BC535F9E25F2FAE8002B8AB8 /* Main.storyboard */ = {
			isa = PBXVariantGroup;
			children = (
				BC535F9F25F2FAE8002B8AB8 /* Base */,
			);
			name = Main.storyboard;
			sourceTree = "<group>";
		};
		BC535FA625F2FAE8002B8AB8 /* LaunchScreen.storyboard */ = {
			isa = PBXVariantGroup;
			children = (
				BC535FA725F2FAE8002B8AB8 /* Base */,
			);
			name = LaunchScreen.storyboard;
			sourceTree = "<group>";
		};
/* End PBXVariantGroup section */

/* Begin XCBuildConfiguration section */
		BC535FAA25F2FAE8002B8AB8 /* Debug */ = {
			isa = XCBuildConfiguration;
			buildSettings = {
				ALWAYS_SEARCH_USER_PATHS = NO;
				CLANG_ANALYZER_NONNULL = YES;
				CLANG_ANALYZER_NUMBER_OBJECT_CONVERSION = YES_AGGRESSIVE;
				CLANG_CXX_LANGUAGE_STANDARD = "gnu++14";
				CLANG_CXX_LIBRARY = "libc++";
				CLANG_ENABLE_MODULES = YES;
				CLANG_ENABLE_OBJC_ARC = YES;
				CLANG_ENABLE_OBJC_WEAK = YES;
				CLANG_WARN_BLOCK_CAPTURE_AUTORELEASING = YES;
				CLANG_WARN_BOOL_CONVERSION = YES;
				CLANG_WARN_COMMA = YES;
				CLANG_WARN_CONSTANT_CONVERSION = YES;
				CLANG_WARN_DEPRECATED_OBJC_IMPLEMENTATIONS = YES;
				CLANG_WARN_DIRECT_OBJC_ISA_USAGE = YES_ERROR;
				CLANG_WARN_DOCUMENTATION_COMMENTS = YES;
				CLANG_WARN_EMPTY_BODY = YES;
				CLANG_WARN_ENUM_CONVERSION = YES;
				CLANG_WARN_INFINITE_RECURSION = YES;
				CLANG_WARN_INT_CONVERSION = YES;
				CLANG_WARN_NON_LITERAL_NULL_CONVERSION = YES;
				CLANG_WARN_OBJC_IMPLICIT_RETAIN_SELF = YES;
				CLANG_WARN_OBJC_LITERAL_CONVERSION = YES;
				CLANG_WARN_OBJC_ROOT_CLASS = YES_ERROR;
				CLANG_WARN_QUOTED_INCLUDE_IN_FRAMEWORK_HEADER = YES;
				CLANG_WARN_RANGE_LOOP_ANALYSIS = YES;
				CLANG_WARN_STRICT_PROTOTYPES = YES;
				CLANG_WARN_SUSPICIOUS_MOVE = YES;
				CLANG_WARN_UNGUARDED_AVAILABILITY = YES_AGGRESSIVE;
				CLANG_WARN_UNREACHABLE_CODE = YES;
				CLANG_WARN__DUPLICATE_METHOD_MATCH = YES;
				COPY_PHASE_STRIP = NO;
				DEBUG_INFORMATION_FORMAT = dwarf;
				ENABLE_STRICT_OBJC_MSGSEND = YES;
				ENABLE_TESTABILITY = YES;
				GCC_C_LANGUAGE_STANDARD = gnu11;
				GCC_DYNAMIC_NO_PIC = NO;
				GCC_NO_COMMON_BLOCKS = YES;
				GCC_OPTIMIZATION_LEVEL = 0;
				GCC_PREPROCESSOR_DEFINITIONS = (
					"DEBUG=1",
					"$(inherited)",
				);
				GCC_WARN_64_TO_32_BIT_CONVERSION = YES;
				GCC_WARN_ABOUT_RETURN_TYPE = YES_ERROR;
				GCC_WARN_UNDECLARED_SELECTOR = YES;
				GCC_WARN_UNINITIALIZED_AUTOS = YES_AGGRESSIVE;
				GCC_WARN_UNUSED_FUNCTION = YES;
				GCC_WARN_UNUSED_VARIABLE = YES;
				IPHONEOS_DEPLOYMENT_TARGET = 14.4;
				MTL_ENABLE_DEBUG_INFO = INCLUDE_SOURCE;
				MTL_FAST_MATH = YES;
				ONLY_ACTIVE_ARCH = YES;
				SDKROOT = iphoneos;
				SWIFT_ACTIVE_COMPILATION_CONDITIONS = DEBUG;
				SWIFT_OPTIMIZATION_LEVEL = "-Onone";
			};
			name = Debug;
		};
		BC535FAB25F2FAE8002B8AB8 /* Release */ = {
			isa = XCBuildConfiguration;
			buildSettings = {
				ALWAYS_SEARCH_USER_PATHS = NO;
				CLANG_ANALYZER_NONNULL = YES;
				CLANG_ANALYZER_NUMBER_OBJECT_CONVERSION = YES_AGGRESSIVE;
				CLANG_CXX_LANGUAGE_STANDARD = "gnu++14";
				CLANG_CXX_LIBRARY = "libc++";
				CLANG_ENABLE_MODULES = YES;
				CLANG_ENABLE_OBJC_ARC = YES;
				CLANG_ENABLE_OBJC_WEAK = YES;
				CLANG_WARN_BLOCK_CAPTURE_AUTORELEASING = YES;
				CLANG_WARN_BOOL_CONVERSION = YES;
				CLANG_WARN_COMMA = YES;
				CLANG_WARN_CONSTANT_CONVERSION = YES;
				CLANG_WARN_DEPRECATED_OBJC_IMPLEMENTATIONS = YES;
				CLANG_WARN_DIRECT_OBJC_ISA_USAGE = YES_ERROR;
				CLANG_WARN_DOCUMENTATION_COMMENTS = YES;
				CLANG_WARN_EMPTY_BODY = YES;
				CLANG_WARN_ENUM_CONVERSION = YES;
				CLANG_WARN_INFINITE_RECURSION = YES;
				CLANG_WARN_INT_CONVERSION = YES;
				CLANG_WARN_NON_LITERAL_NULL_CONVERSION = YES;
				CLANG_WARN_OBJC_IMPLICIT_RETAIN_SELF = YES;
				CLANG_WARN_OBJC_LITERAL_CONVERSION = YES;
				CLANG_WARN_OBJC_ROOT_CLASS = YES_ERROR;
				CLANG_WARN_QUOTED_INCLUDE_IN_FRAMEWORK_HEADER = YES;
				CLANG_WARN_RANGE_LOOP_ANALYSIS = YES;
				CLANG_WARN_STRICT_PROTOTYPES = YES;
				CLANG_WARN_SUSPICIOUS_MOVE = YES;
				CLANG_WARN_UNGUARDED_AVAILABILITY = YES_AGGRESSIVE;
				CLANG_WARN_UNREACHABLE_CODE = YES;
				CLANG_WARN__DUPLICATE_METHOD_MATCH = YES;
				COPY_PHASE_STRIP = NO;
				DEBUG_INFORMATION_FORMAT = "dwarf-with-dsym";
				ENABLE_NS_ASSERTIONS = NO;
				ENABLE_STRICT_OBJC_MSGSEND = YES;
				GCC_C_LANGUAGE_STANDARD = gnu11;
				GCC_NO_COMMON_BLOCKS = YES;
				GCC_WARN_64_TO_32_BIT_CONVERSION = YES;
				GCC_WARN_ABOUT_RETURN_TYPE = YES_ERROR;
				GCC_WARN_UNDECLARED_SELECTOR = YES;
				GCC_WARN_UNINITIALIZED_AUTOS = YES_AGGRESSIVE;
				GCC_WARN_UNUSED_FUNCTION = YES;
				GCC_WARN_UNUSED_VARIABLE = YES;
				IPHONEOS_DEPLOYMENT_TARGET = 14.4;
				MTL_ENABLE_DEBUG_INFO = NO;
				MTL_FAST_MATH = YES;
				SDKROOT = iphoneos;
				SWIFT_COMPILATION_MODE = wholemodule;
				SWIFT_OPTIMIZATION_LEVEL = "-O";
				VALIDATE_PRODUCT = YES;
			};
			name = Release;
		};
		BC535FAD25F2FAE8002B8AB8 /* Debug */ = {
			isa = XCBuildConfiguration;
			buildSettings = {
				ASSETCATALOG_COMPILER_APPICON_NAME = AppIcon;
				ASSETCATALOG_COMPILER_GLOBAL_ACCENT_COLOR_NAME = AccentColor;
				CODE_SIGN_STYLE = Automatic;
				DEVELOPMENT_TEAM = WK5GQ95HSM;
				INFOPLIST_FILE = TMNotes/Model/Info.plist;
				LD_RUNPATH_SEARCH_PATHS = (
					"$(inherited)",
					"@executable_path/Frameworks",
				);
				PRODUCT_BUNDLE_IDENTIFIER = com.KonstantinKolosov.TMNotes;
				PRODUCT_NAME = "$(TARGET_NAME)";
				SWIFT_VERSION = 5.0;
				TARGETED_DEVICE_FAMILY = "1,2";
			};
			name = Debug;
		};
		BC535FAE25F2FAE8002B8AB8 /* Release */ = {
			isa = XCBuildConfiguration;
			buildSettings = {
				ASSETCATALOG_COMPILER_APPICON_NAME = AppIcon;
				ASSETCATALOG_COMPILER_GLOBAL_ACCENT_COLOR_NAME = AccentColor;
				CODE_SIGN_STYLE = Automatic;
				DEVELOPMENT_TEAM = WK5GQ95HSM;
				INFOPLIST_FILE = TMNotes/Model/Info.plist;
				LD_RUNPATH_SEARCH_PATHS = (
					"$(inherited)",
					"@executable_path/Frameworks",
				);
				PRODUCT_BUNDLE_IDENTIFIER = com.KonstantinKolosov.TMNotes;
				PRODUCT_NAME = "$(TARGET_NAME)";
				SWIFT_VERSION = 5.0;
				TARGETED_DEVICE_FAMILY = "1,2";
			};
			name = Release;
		};
/* End XCBuildConfiguration section */

/* Begin XCConfigurationList section */
		BC535F9025F2FAE8002B8AB8 /* Build configuration list for PBXProject "TMNotes" */ = {
			isa = XCConfigurationList;
			buildConfigurations = (
				BC535FAA25F2FAE8002B8AB8 /* Debug */,
				BC535FAB25F2FAE8002B8AB8 /* Release */,
			);
			defaultConfigurationIsVisible = 0;
			defaultConfigurationName = Release;
		};
		BC535FAC25F2FAE8002B8AB8 /* Build configuration list for PBXNativeTarget "TMNotes" */ = {
			isa = XCConfigurationList;
			buildConfigurations = (
				BC535FAD25F2FAE8002B8AB8 /* Debug */,
				BC535FAE25F2FAE8002B8AB8 /* Release */,
			);
			defaultConfigurationIsVisible = 0;
			defaultConfigurationName = Release;
		};
/* End XCConfigurationList section */

/* Begin XCVersionGroup section */
		BC535FA125F2FAE8002B8AB8 /* TMNotes.xcdatamodeld */ = {
			isa = XCVersionGroup;
			children = (
				BC535FA225F2FAE8002B8AB8 /* TMNotes.xcdatamodel */,
			);
			currentVersion = BC535FA225F2FAE8002B8AB8 /* TMNotes.xcdatamodel */;
			path = TMNotes.xcdatamodeld;
			sourceTree = "<group>";
			versionGroupType = wrapper.xcdatamodel;
		};
/* End XCVersionGroup section */
	};
	rootObject = BC535F8D25F2FAE8002B8AB8 /* Project object */;
}
